// !$*UTF8*$!
{
	archiveVersion = 1;
	classes = {
	};
	objectVersion = 46;
	objects = {

/* Begin PBXBuildFile section */
		CDBF56811BE6D208007ED2BC /* AppDelegate.swift in Sources */ = {isa = PBXBuildFile; fileRef = CDBF56801BE6D208007ED2BC /* AppDelegate.swift */; };
		CDBF56831BE6D208007ED2BC /* ViewController.swift in Sources */ = {isa = PBXBuildFile; fileRef = CDBF56821BE6D208007ED2BC /* ViewController.swift */; };
		CDBF56861BE6D208007ED2BC /* Main.storyboard in Resources */ = {isa = PBXBuildFile; fileRef = CDBF56841BE6D208007ED2BC /* Main.storyboard */; };
		CDBF56881BE6D208007ED2BC /* Assets.xcassets in Resources */ = {isa = PBXBuildFile; fileRef = CDBF56871BE6D208007ED2BC /* Assets.xcassets */; };
		CDBF568B1BE6D208007ED2BC /* LaunchScreen.storyboard in Resources */ = {isa = PBXBuildFile; fileRef = CDBF56891BE6D208007ED2BC /* LaunchScreen.storyboard */; };
/* End PBXBuildFile section */

/* Begin PBXFileReference section */
		CDBF567D1BE6D208007ED2BC /* SimplyWeather.app */ = {isa = PBXFileReference; explicitFileType = wrapper.application; includeInIndex = 0; path = SimplyWeather.app; sourceTree = BUILT_PRODUCTS_DIR; };
		CDBF56801BE6D208007ED2BC /* AppDelegate.swift */ = {isa = PBXFileReference; lastKnownFileType = sourcecode.swift; path = AppDelegate.swift; sourceTree = "<group>"; };
		CDBF56821BE6D208007ED2BC /* ViewController.swift */ = {isa = PBXFileReference; lastKnownFileType = sourcecode.swift; path = ViewController.swift; sourceTree = "<group>"; };
		CDBF56851BE6D208007ED2BC /* Base */ = {isa = PBXFileReference; lastKnownFileType = file.storyboard; name = Base; path = Base.lproj/Main.storyboard; sourceTree = "<group>"; };
		CDBF56871BE6D208007ED2BC /* Assets.xcassets */ = {isa = PBXFileReference; lastKnownFileType = folder.assetcatalog; path = Assets.xcassets; sourceTree = "<group>"; };
		CDBF568A1BE6D208007ED2BC /* Base */ = {isa = PBXFileReference; lastKnownFileType = file.storyboard; name = Base; path = Base.lproj/LaunchScreen.storyboard; sourceTree = "<group>"; };
		CDBF568C1BE6D208007ED2BC /* Info.plist */ = {isa = PBXFileReference; lastKnownFileType = text.plist.xml; path = Info.plist; sourceTree = "<group>"; };
/* End PBXFileReference section */

/* Begin PBXFrameworksBuildPhase section */
		CDBF567A1BE6D208007ED2BC /* Frameworks */ = {
			isa = PBXFrameworksBuildPhase;
			buildActionMask = 2147483647;
			files = (
			);
			runOnlyForDeploymentPostprocessing = 0;
		};
/* End PBXFrameworksBuildPhase section */

/* Begin PBXGroup section */
		CDBF56741BE6D208007ED2BC = {
			isa = PBXGroup;
			children = (
				CDBF567F1BE6D208007ED2BC /* SimplyWeather */,
				CDBF567E1BE6D208007ED2BC /* Products */,
			);
			sourceTree = "<group>";
		};
		CDBF567E1BE6D208007ED2BC /* Products */ = {
			isa = PBXGroup;
			children = (
				CDBF567D1BE6D208007ED2BC /* SimplyWeather.app */,
			);
			name = Products;
			sourceTree = "<group>";
		};
		CDBF567F1BE6D208007ED2BC /* SimplyWeather */ = {
			isa = PBXGroup;
			children = (
				CDBF56801BE6D208007ED2BC /* AppDelegate.swift */,
				CDBF56821BE6D208007ED2BC /* ViewController.swift */,
				CDBF56841BE6D208007ED2BC /* Main.storyboard */,
				CDBF56871BE6D208007ED2BC /* Assets.xcassets */,
				CDBF56891BE6D208007ED2BC /* LaunchScreen.storyboard */,
				CDBF568C1BE6D208007ED2BC /* Info.plist */,
			);
			path = SimplyWeather;
			sourceTree = "<group>";
		};
/* End PBXGroup section */

/* Begin PBXNativeTarget section */
		CDBF567C1BE6D208007ED2BC /* SimplyWeather */ = {
			isa = PBXNativeTarget;
			buildConfigurationList = CDBF568F1BE6D208007ED2BC /* Build configuration list for PBXNativeTarget "SimplyWeather" */;
			buildPhases = (
				CDBF56791BE6D208007ED2BC /* Sources */,
				CDBF567A1BE6D208007ED2BC /* Frameworks */,
				CDBF567B1BE6D208007ED2BC /* Resources */,
			);
			buildRules = (
			);
			dependencies = (
			);
			name = SimplyWeather;
			productName = SimplyWeather;
			productReference = CDBF567D1BE6D208007ED2BC /* SimplyWeather.app */;
			productType = "com.apple.product-type.application";
		};
/* End PBXNativeTarget section */

/* Begin PBXProject section */
		CDBF56751BE6D208007ED2BC /* Project object */ = {
			isa = PBXProject;
			attributes = {
				LastSwiftUpdateCheck = 0710;
				LastUpgradeCheck = 0710;
				ORGANIZATIONNAME = "Mohd Akbar";
				TargetAttributes = {
					CDBF567C1BE6D208007ED2BC = {
						CreatedOnToolsVersion = 7.1;
					};
				};
			};
			buildConfigurationList = CDBF56781BE6D208007ED2BC /* Build configuration list for PBXProject "SimplyWeather" */;
			compatibilityVersion = "Xcode 3.2";
			developmentRegion = English;
			hasScannedForEncodings = 0;
			knownRegions = (
				en,
				Base,
			);
			mainGroup = CDBF56741BE6D208007ED2BC;
			productRefGroup = CDBF567E1BE6D208007ED2BC /* Products */;
			projectDirPath = "";
			projectRoot = "";
			targets = (
				CDBF567C1BE6D208007ED2BC /* SimplyWeather */,
			);
		};
/* End PBXProject section */

/* Begin PBXResourcesBuildPhase section */
		CDBF567B1BE6D208007ED2BC /* Resources */ = {
			isa = PBXResourcesBuildPhase;
			buildActionMask = 2147483647;
			files = (
				CDBF568B1BE6D208007ED2BC /* LaunchScreen.storyboard in Resources */,
				CDBF56881BE6D208007ED2BC /* Assets.xcassets in Resources */,
				CDBF56861BE6D208007ED2BC /* Main.storyboard in Resources */,
			);
			runOnlyForDeploymentPostprocessing = 0;
		};
/* End PBXResourcesBuildPhase section */

/* Begin PBXSourcesBuildPhase section */
		CDBF56791BE6D208007ED2BC /* Sources */ = {
			isa = PBXSourcesBuildPhase;
			buildActionMask = 2147483647;
			files = (
				CDBF56831BE6D208007ED2BC /* ViewController.swift in Sources */,
				CDBF56811BE6D208007ED2BC /* AppDelegate.swift in Sources */,
			);
			runOnlyForDeploymentPostprocessing = 0;
		};
/* End PBXSourcesBuildPhase section */

/* Begin PBXVariantGroup section */
		CDBF56841BE6D208007ED2BC /* Main.storyboard */ = {
			isa = PBXVariantGroup;
			children = (
				CDBF56851BE6D208007ED2BC /* Base */,
			);
			name = Main.storyboard;
			sourceTree = "<group>";
		};
		CDBF56891BE6D208007ED2BC /* LaunchScreen.storyboard */ = {
			isa = PBXVariantGroup;
			children = (
				CDBF568A1BE6D208007ED2BC /* Base */,
			);
			name = LaunchScreen.storyboard;
			sourceTree = "<group>";
		};
/* End PBXVariantGroup section */

/* Begin XCBuildConfiguration section */
		CDBF568D1BE6D208007ED2BC /* Debug */ = {
			isa = XCBuildConfiguration;
			buildSettings = {
				ALWAYS_SEARCH_USER_PATHS = NO;
				CLANG_CXX_LANGUAGE_STANDARD = "gnu++0x";
				CLANG_CXX_LIBRARY = "libc++";
				CLANG_ENABLE_MODULES = YES;
				CLANG_ENABLE_OBJC_ARC = YES;
				CLANG_WARN_BOOL_CONVERSION = YES;
				CLANG_WARN_CONSTANT_CONVERSION = YES;
				CLANG_WARN_DIRECT_OBJC_ISA_USAGE = YES_ERROR;
				CLANG_WARN_EMPTY_BODY = YES;
				CLANG_WARN_ENUM_CONVERSION = YES;
				CLANG_WARN_INT_CONVERSION = YES;
				CLANG_WARN_OBJC_ROOT_CLASS = YES_ERROR;
				CLANG_WARN_UNREACHABLE_CODE = YES;
				CLANG_WARN__DUPLICATE_METHOD_MATCH = YES;
				"CODE_SIGN_IDENTITY[sdk=iphoneos*]" = "iPhone Developer";
				COPY_PHASE_STRIP = NO;
				DEBUG_INFORMATION_FORMAT = dwarf;
				ENABLE_STRICT_OBJC_MSGSEND = YES;
				ENABLE_TESTABILITY = YES;
				GCC_C_LANGUAGE_STANDARD = gnu99;
				GCC_DYNAMIC_NO_PIC = NO;
				GCC_NO_COMMON_BLOCKS = YES;
				GCC_OPTIMIZATION_LEVEL = 0;
				GCC_PREPROCESSOR_DEFINITIONS = (
					"DEBUG=1",
					"$(inherited)",
				);
				GCC_WARN_64_TO_32_BIT_CONVERSION = YES;
				GCC_WARN_ABOUT_RETURN_TYPE = YES_ERROR;
				GCC_WARN_UNDECLARED_SELECTOR = YES;
				GCC_WARN_UNINITIALIZED_AUTOS = YES_AGGRESSIVE;
				GCC_WARN_UNUSED_FUNCTION = YES;
				GCC_WARN_UNUSED_VARIABLE = YES;
				IPHONEOS_DEPLOYMENT_TARGET = 9.1;
				MTL_ENABLE_DEBUG_INFO = YES;
				ONLY_ACTIVE_ARCH = YES;
				SDKROOT = iphoneos;
				SWIFT_OPTIMIZATION_LEVEL = "-Onone";
			};
			name = Debug;
		};
		CDBF568E1BE6D208007ED2BC /* Release */ = {
			isa = XCBuildConfiguration;
			buildSettings = {
				ALWAYS_SEARCH_USER_PATHS = NO;
				CLANG_CXX_LANGUAGE_STANDARD = "gnu++0x";
				CLANG_CXX_LIBRARY = "libc++";
				CLANG_ENABLE_MODULES = YES;
				CLANG_ENABLE_OBJC_ARC = YES;
				CLANG_WARN_BOOL_CONVERSION = YES;
				CLANG_WARN_CONSTANT_CONVERSION = YES;
				CLANG_WARN_DIRECT_OBJC_ISA_USAGE = YES_ERROR;
				CLANG_WARN_EMPTY_BODY = YES;
				CLANG_WARN_ENUM_CONVERSION = YES;
				CLANG_WARN_INT_CONVERSION = YES;
				CLANG_WARN_OBJC_ROOT_CLASS = YES_ERROR;
				CLANG_WARN_UNREACHABLE_CODE = YES;
				CLANG_WARN__DUPLICATE_METHOD_MATCH = YES;
				"CODE_SIGN_IDENTITY[sdk=iphoneos*]" = "iPhone Developer";
				COPY_PHASE_STRIP = NO;
				DEBUG_INFORMATION_FORMAT = "dwarf-with-dsym";
				ENABLE_NS_ASSERTIONS = NO;
				ENABLE_STRICT_OBJC_MSGSEND = YES;
				GCC_C_LANGUAGE_STANDARD = gnu99;
				GCC_NO_COMMON_BLOCKS = YES;
				GCC_WARN_64_TO_32_BIT_CONVERSION = YES;
				GCC_WARN_ABOUT_RETURN_TYPE = YES_ERROR;
				GCC_WARN_UNDECLARED_SELECTOR = YES;
				GCC_WARN_UNINITIALIZED_AUTOS = YES_AGGRESSIVE;
				GCC_WARN_UNUSED_FUNCTION = YES;
				GCC_WARN_UNUSED_VARIABLE = YES;
				IPHONEOS_DEPLOYMENT_TARGET = 9.1;
				MTL_ENABLE_DEBUG_INFO = NO;
				SDKROOT = iphoneos;
				VALIDATE_PRODUCT = YES;
			};
			name = Release;
		};
		CDBF56901BE6D208007ED2BC /* Debug */ = {
			isa = XCBuildConfiguration;
			buildSettings = {
				ASSETCATALOG_COMPILER_APPICON_NAME = AppIcon;
				INFOPLIST_FILE = SimplyWeather/Info.plist;
				LD_RUNPATH_SEARCH_PATHS = "$(inherited) @executable_path/Frameworks";
				PRODUCT_BUNDLE_IDENTIFIER = com.akbar.SimplyWeather;
				PRODUCT_NAME = "$(TARGET_NAME)";
			};
			name = Debug;
		};
		CDBF56911BE6D208007ED2BC /* Release */ = {
			isa = XCBuildConfiguration;
			buildSettings = {
				ASSETCATALOG_COMPILER_APPICON_NAME = AppIcon;
				INFOPLIST_FILE = SimplyWeather/Info.plist;
				LD_RUNPATH_SEARCH_PATHS = "$(inherited) @executable_path/Frameworks";
				PRODUCT_BUNDLE_IDENTIFIER = com.akbar.SimplyWeather;
				PRODUCT_NAME = "$(TARGET_NAME)";
			};
			name = Release;
		};
/* End XCBuildConfiguration section */

/* Begin XCConfigurationList section */
		CDBF56781BE6D208007ED2BC /* Build configuration list for PBXProject "SimplyWeather" */ = {
			isa = XCConfigurationList;
			buildConfigurations = (
				CDBF568D1BE6D208007ED2BC /* Debug */,
				CDBF568E1BE6D208007ED2BC /* Release */,
			);
			defaultConfigurationIsVisible = 0;
			defaultConfigurationName = Release;
		};
		CDBF568F1BE6D208007ED2BC /* Build configuration list for PBXNativeTarget "SimplyWeather" */ = {
			isa = XCConfigurationList;
			buildConfigurations = (
				CDBF56901BE6D208007ED2BC /* Debug */,
				CDBF56911BE6D208007ED2BC /* Release */,
			);
			defaultConfigurationIsVisible = 0;
		};
/* End XCConfigurationList section */
	};
	rootObject = CDBF56751BE6D208007ED2BC /* Project object */;
}
